
Microsoft Visual Studio Solution File, Format Version 12.00
# Visual Studio Version 17
VisualStudioVersion = 17.6.33801.468
MinimumVisualStudioVersion = 10.0.40219.1
Project("{2150E333-8FDC-42A3-9474-1A3956D46DE8}") = "3 - Core", "3 - Core", "{1C6D8CD7-03E9-4C78-B4DF-0357D6D82887}"
EndProject
Project("{9A19103F-16F7-4668-BE54-9A1E7A4F7556}") = "ERS.Aprendendo.TestesFuncionais.Core", "ERS.Aprendendo.TestesFuncionais.Core\ERS.Aprendendo.TestesFuncionais.Core.csproj", "{756F6B8A-D203-473C-BE19-44D21D411566}"
EndProject
Project("{9A19103F-16F7-4668-BE54-9A1E7A4F7556}") = "ERS.Aprendendo.TestesFuncionais.Dominio", "ERS.Aprendendo.TestesFuncionais.Dominio\ERS.Aprendendo.TestesFuncionais.Dominio.csproj", "{F458F054-C727-4BC8-8CE6-52EE71306310}"
EndProject
Project("{2150E333-8FDC-42A3-9474-1A3956D46DE8}") = "4 - Infra", "4 - Infra", "{F06FAA4D-E91F-4FF2-8923-24E8A53DC145}"
EndProject
Project("{9A19103F-16F7-4668-BE54-9A1E7A4F7556}") = "ERS.Aprendendo.TestesFuncionais.Infra.BancoDeDados", "ERS.Aprendendo.TestesFuncionais.Infra.BancoDeDados\ERS.Aprendendo.TestesFuncionais.Infra.BancoDeDados.csproj", "{A8E13503-C4B5-43A7-A23A-97B28D8AC752}"
EndProject
Project("{9A19103F-16F7-4668-BE54-9A1E7A4F7556}") = "ERS.Aprendendo.TestesFuncionais.Infra.IoC", "ERS.Aprendendo.TestesFuncionais.Infra.IoC\ERS.Aprendendo.TestesFuncionais.Infra.IoC.csproj", "{192031FF-238A-4C3A-864D-8FABEB99AFA5}"
EndProject
Project("{2150E333-8FDC-42A3-9474-1A3956D46DE8}") = "1 - App", "1 - App", "{07C4D1C9-C6A1-4DFF-8750-1E4E9BAA6EED}"
EndProject
Project("{9A19103F-16F7-4668-BE54-9A1E7A4F7556}") = "ERS.Aprendendo.TestesFuncionais.App.API", "ERS.Aprendendo.TestesFuncionais.App.API\ERS.Aprendendo.TestesFuncionais.App.API.csproj", "{891E879F-C941-4DBC-A23A-9C6736BC93F6}"
EndProject
Project("{9A19103F-16F7-4668-BE54-9A1E7A4F7556}") = "ERS.Aprendendo.TestesFuncionais.Core.Validador", "ERS.Aprendendo.TestesFuncionais.Core.Validador\ERS.Aprendendo.TestesFuncionais.Core.Validador.csproj", "{48295108-FDCE-4854-A08E-3014B28DF851}"
EndProject
Project("{2150E333-8FDC-42A3-9474-1A3956D46DE8}") = "2 - Dominio", "2 - Dominio", "{557008D6-8EBE-4A3B-925B-2B8CA16FF550}"
EndProject
Project("{9A19103F-16F7-4668-BE54-9A1E7A4F7556}") = "ERS.Aprendendo.TestesFuncionais.Dominio.Cqrs", "ERS.Aprendendo.TestesFuncionais.Dominio.Cqrs.Command\ERS.Aprendendo.TestesFuncionais.Dominio.Cqrs.csproj", "{7FA7EAD7-838D-4D81-B243-757CEB7F1752}"
EndProject
Global
	GlobalSection(SolutionConfigurationPlatforms) = preSolution
		Debug|Any CPU = Debug|Any CPU
		Release|Any CPU = Release|Any CPU
	EndGlobalSection
	GlobalSection(ProjectConfigurationPlatforms) = postSolution
		{756F6B8A-D203-473C-BE19-44D21D411566}.Debug|Any CPU.ActiveCfg = Debug|Any CPU
		{756F6B8A-D203-473C-BE19-44D21D411566}.Debug|Any CPU.Build.0 = Debug|Any CPU
		{756F6B8A-D203-473C-BE19-44D21D411566}.Release|Any CPU.ActiveCfg = Release|Any CPU
		{756F6B8A-D203-473C-BE19-44D21D411566}.Release|Any CPU.Build.0 = Release|Any CPU
		{F458F054-C727-4BC8-8CE6-52EE71306310}.Debug|Any CPU.ActiveCfg = Debug|Any CPU
		{F458F054-C727-4BC8-8CE6-52EE71306310}.Debug|Any CPU.Build.0 = Debug|Any CPU
		{F458F054-C727-4BC8-8CE6-52EE71306310}.Release|Any CPU.ActiveCfg = Release|Any CPU
		{F458F054-C727-4BC8-8CE6-52EE71306310}.Release|Any CPU.Build.0 = Release|Any CPU
		{A8E13503-C4B5-43A7-A23A-97B28D8AC752}.Debug|Any CPU.ActiveCfg = Debug|Any CPU
		{A8E13503-C4B5-43A7-A23A-97B28D8AC752}.Debug|Any CPU.Build.0 = Debug|Any CPU
		{A8E13503-C4B5-43A7-A23A-97B28D8AC752}.Release|Any CPU.ActiveCfg = Release|Any CPU
		{A8E13503-C4B5-43A7-A23A-97B28D8AC752}.Release|Any CPU.Build.0 = Release|Any CPU
		{192031FF-238A-4C3A-864D-8FABEB99AFA5}.Debug|Any CPU.ActiveCfg = Debug|Any CPU
		{192031FF-238A-4C3A-864D-8FABEB99AFA5}.Debug|Any CPU.Build.0 = Debug|Any CPU
		{192031FF-238A-4C3A-864D-8FABEB99AFA5}.Release|Any CPU.ActiveCfg = Release|Any CPU
		{192031FF-238A-4C3A-864D-8FABEB99AFA5}.Release|Any CPU.Build.0 = Release|Any CPU
		{891E879F-C941-4DBC-A23A-9C6736BC93F6}.Debug|Any CPU.ActiveCfg = Debug|Any CPU
		{891E879F-C941-4DBC-A23A-9C6736BC93F6}.Debug|Any CPU.Build.0 = Debug|Any CPU
		{891E879F-C941-4DBC-A23A-9C6736BC93F6}.Release|Any CPU.ActiveCfg = Release|Any CPU
		{891E879F-C941-4DBC-A23A-9C6736BC93F6}.Release|Any CPU.Build.0 = Release|Any CPU
		{48295108-FDCE-4854-A08E-3014B28DF851}.Debug|Any CPU.ActiveCfg = Debug|Any CPU
		{48295108-FDCE-4854-A08E-3014B28DF851}.Debug|Any CPU.Build.0 = Debug|Any CPU
		{48295108-FDCE-4854-A08E-3014B28DF851}.Release|Any CPU.ActiveCfg = Release|Any CPU
		{48295108-FDCE-4854-A08E-3014B28DF851}.Release|Any CPU.Build.0 = Release|Any CPU
		{7FA7EAD7-838D-4D81-B243-757CEB7F1752}.Debug|Any CPU.ActiveCfg = Debug|Any CPU
		{7FA7EAD7-838D-4D81-B243-757CEB7F1752}.Debug|Any CPU.Build.0 = Debug|Any CPU
		{7FA7EAD7-838D-4D81-B243-757CEB7F1752}.Release|Any CPU.ActiveCfg = Release|Any CPU
		{7FA7EAD7-838D-4D81-B243-757CEB7F1752}.Release|Any CPU.Build.0 = Release|Any CPU
	EndGlobalSection
	GlobalSection(SolutionProperties) = preSolution
		HideSolutionNode = FALSE
	EndGlobalSection
	GlobalSection(NestedProjects) = preSolution
		{756F6B8A-D203-473C-BE19-44D21D411566} = {1C6D8CD7-03E9-4C78-B4DF-0357D6D82887}
		{F458F054-C727-4BC8-8CE6-52EE71306310} = {557008D6-8EBE-4A3B-925B-2B8CA16FF550}
		{A8E13503-C4B5-43A7-A23A-97B28D8AC752} = {F06FAA4D-E91F-4FF2-8923-24E8A53DC145}
		{192031FF-238A-4C3A-864D-8FABEB99AFA5} = {F06FAA4D-E91F-4FF2-8923-24E8A53DC145}
		{891E879F-C941-4DBC-A23A-9C6736BC93F6} = {07C4D1C9-C6A1-4DFF-8750-1E4E9BAA6EED}
		{48295108-FDCE-4854-A08E-3014B28DF851} = {1C6D8CD7-03E9-4C78-B4DF-0357D6D82887}
		{7FA7EAD7-838D-4D81-B243-757CEB7F1752} = {557008D6-8EBE-4A3B-925B-2B8CA16FF550}
	EndGlobalSection
	GlobalSection(ExtensibilityGlobals) = postSolution
		SolutionGuid = {9BA1F0C7-992D-47B6-A2CC-06645A439201}
	EndGlobalSection
EndGlobal
